
Microsoft Visual Studio Solution File, Format Version 12.00
# Visual Studio Version 17
VisualStudioVersion = 17.1.32421.90
MinimumVisualStudioVersion = 10.0.40219.1
Project("{9A19103F-16F7-4668-BE54-9A1E7A4F7556}") = "UserMicroservice", "UserMicroservice\UserMicroservice.csproj", "{72BDD377-ABDB-4A7E-92B7-B6983E4AA47B}"
EndProject
Project("{9A19103F-16F7-4668-BE54-9A1E7A4F7556}") = "SciPaperMicroservice", "SciPaperMicroservice\SciPaperMicroservice.csproj", "{78FA0C2C-D2A0-4212-A328-EDC97345B3D2}"
EndProject
Project("{9A19103F-16F7-4668-BE54-9A1E7A4F7556}") = "LibraryMicroservice", "LibraryMicroservice\LibraryMicroservice.csproj", "{D7E99553-43EF-4E21-A2BB-2CC9F4488E04}"
EndProject
Project("{9A19103F-16F7-4668-BE54-9A1E7A4F7556}") = "SharedModels", "SharedModels\SharedModels.csproj", "{DA3B9083-7709-4B01-BBFC-19BA84EFAEB5}"
EndProject
Project("{FAE04EC0-301F-11D3-BF4B-00C04F79EFBC}") = "API Gateway", "API Gateway\API Gateway.csproj", "{EC573989-8FD1-47CC-809B-ACDC5BFC5FFB}"
EndProject
Global
	GlobalSection(SolutionConfigurationPlatforms) = preSolution
		Debug|Any CPU = Debug|Any CPU
		Release|Any CPU = Release|Any CPU
	EndGlobalSection
	GlobalSection(ProjectConfigurationPlatforms) = postSolution
		{72BDD377-ABDB-4A7E-92B7-B6983E4AA47B}.Debug|Any CPU.ActiveCfg = Debug|Any CPU
		{72BDD377-ABDB-4A7E-92B7-B6983E4AA47B}.Debug|Any CPU.Build.0 = Debug|Any CPU
		{72BDD377-ABDB-4A7E-92B7-B6983E4AA47B}.Release|Any CPU.ActiveCfg = Release|Any CPU
		{72BDD377-ABDB-4A7E-92B7-B6983E4AA47B}.Release|Any CPU.Build.0 = Release|Any CPU
		{78FA0C2C-D2A0-4212-A328-EDC97345B3D2}.Debug|Any CPU.ActiveCfg = Debug|Any CPU
		{78FA0C2C-D2A0-4212-A328-EDC97345B3D2}.Debug|Any CPU.Build.0 = Debug|Any CPU
		{78FA0C2C-D2A0-4212-A328-EDC97345B3D2}.Release|Any CPU.ActiveCfg = Release|Any CPU
		{78FA0C2C-D2A0-4212-A328-EDC97345B3D2}.Release|Any CPU.Build.0 = Release|Any CPU
		{D7E99553-43EF-4E21-A2BB-2CC9F4488E04}.Debug|Any CPU.ActiveCfg = Debug|Any CPU
		{D7E99553-43EF-4E21-A2BB-2CC9F4488E04}.Debug|Any CPU.Build.0 = Debug|Any CPU
		{D7E99553-43EF-4E21-A2BB-2CC9F4488E04}.Release|Any CPU.ActiveCfg = Release|Any CPU
		{D7E99553-43EF-4E21-A2BB-2CC9F4488E04}.Release|Any CPU.Build.0 = Release|Any CPU
		{DA3B9083-7709-4B01-BBFC-19BA84EFAEB5}.Debug|Any CPU.ActiveCfg = Debug|Any CPU
		{DA3B9083-7709-4B01-BBFC-19BA84EFAEB5}.Debug|Any CPU.Build.0 = Debug|Any CPU
		{DA3B9083-7709-4B01-BBFC-19BA84EFAEB5}.Release|Any CPU.ActiveCfg = Release|Any CPU
		{DA3B9083-7709-4B01-BBFC-19BA84EFAEB5}.Release|Any CPU.Build.0 = Release|Any CPU
		{EC573989-8FD1-47CC-809B-ACDC5BFC5FFB}.Debug|Any CPU.ActiveCfg = Debug|Any CPU
		{EC573989-8FD1-47CC-809B-ACDC5BFC5FFB}.Debug|Any CPU.Build.0 = Debug|Any CPU
		{EC573989-8FD1-47CC-809B-ACDC5BFC5FFB}.Release|Any CPU.ActiveCfg = Release|Any CPU
		{EC573989-8FD1-47CC-809B-ACDC5BFC5FFB}.Release|Any CPU.Build.0 = Release|Any CPU
	EndGlobalSection
	GlobalSection(SolutionProperties) = preSolution
		HideSolutionNode = FALSE
	EndGlobalSection
	GlobalSection(ExtensibilityGlobals) = postSolution
		SolutionGuid = {A0BFF45C-70FA-48D8-A408-BC6936451572}
	EndGlobalSection
EndGlobal
